{
    "_readme": [
        "This file locks the dependencies of your project to a known state",
        "Read more about it at https://getcomposer.org/doc/01-basic-usage.md#installing-dependencies",
        "This file is @generated automatically"
    ],
    "content-hash": "2e61951688474d2b54d50f6a7362d57b",
    "packages": [
        {
            "name": "atlas/mapper",
            "version": "1.3.0",
            "source": {
                "type": "git",
                "url": "https://github.com/atlasphp/Atlas.Mapper.git",
                "reference": "a674403aa696b70904cf55af71c8cec21c4a9d09"
            },
            "dist": {
                "type": "zip",
                "url": "https://api.github.com/repos/atlasphp/Atlas.Mapper/zipball/a674403aa696b70904cf55af71c8cec21c4a9d09",
                "reference": "a674403aa696b70904cf55af71c8cec21c4a9d09",
                "shasum": ""
            },
            "require": {
                "atlas/table": "~1.0",
                "php": ">=7.1.0"
            },
            "require-dev": {
                "atlas/testing": "~1.0",
                "pds/skeleton": "~1.0",
                "phpunit/phpunit": "~7.0"
            },
            "type": "library",
            "autoload": {
                "psr-4": {
                    "Atlas\\Mapper\\": "src/"
                }
            },
            "notification-url": "https://packagist.org/downloads/",
            "license": [
                "MIT"
            ],
            "authors": [
                {
                    "name": "Atlas Contributors",
                    "homepage": "https://github.com/atlasphp/Atlas.Mapper/contributors"
                }
            ],
            "description": "A data mapper for the persistence model.",
            "homepage": "http://github.com/atlasphp/Atlas.Mapper",
            "keywords": [
                "data",
                "mapper",
                "mapping",
                "orm",
                "sql"
            ],
            "time": "2018-11-09T12:57:05+00:00"
        },
        {
            "name": "atlas/orm",
            "version": "3.1.0",
            "source": {
                "type": "git",
                "url": "https://github.com/atlasphp/Atlas.Orm.git",
                "reference": "3957c1880cf60d722b51f3152e966e19346049de"
            },
            "dist": {
                "type": "zip",
                "url": "https://api.github.com/repos/atlasphp/Atlas.Orm/zipball/3957c1880cf60d722b51f3152e966e19346049de",
                "reference": "3957c1880cf60d722b51f3152e966e19346049de",
                "shasum": ""
            },
            "require": {
                "atlas/mapper": "~1.0",
                "php": ">=7.1.0"
            },
            "require-dev": {
                "atlas/testing": "~1.0",
                "pds/skeleton": "~1.0",
                "phpunit/phpunit": "~7.0"
            },
            "suggest": {
                "atlas/cli": "A command-line tool to build skeleton classes."
            },
            "type": "library",
            "autoload": {
                "psr-4": {
                    "Atlas\\Orm\\": "src/"
                }
            },
            "notification-url": "https://packagist.org/downloads/",
            "license": [
                "MIT"
            ],
            "authors": [
                {
                    "name": "Atlas Contributors",
                    "homepage": "https://github.com/atlasphp/Atlas.Orm/contributors"
                }
            ],
            "description": "An ORM for your persistence model (not your domain model).",
            "homepage": "http://github.com/atlasphp/Atlas.Orm",
            "keywords": [
                "data",
                "mapper",
                "mapping",
                "orm",
                "sql"
            ],
            "time": "2018-08-08T16:02:30+00:00"
        },
        {
            "name": "atlas/pdo",
            "version": "1.1.1",
            "source": {
                "type": "git",
                "url": "https://github.com/atlasphp/Atlas.Pdo.git",
                "reference": "31e9aa28f86d999260ac842da45a81f46b8c4826"
            },
            "dist": {
                "type": "zip",
                "url": "https://api.github.com/repos/atlasphp/Atlas.Pdo/zipball/31e9aa28f86d999260ac842da45a81f46b8c4826",
                "reference": "31e9aa28f86d999260ac842da45a81f46b8c4826",
                "shasum": ""
            },
            "require": {
                "php": ">=7.1"
            },
            "require-dev": {
                "pds/skeleton": "~1.0",
                "phpunit/phpunit": "~7.0"
            },
            "type": "library",
            "autoload": {
                "psr-4": {
                    "Atlas\\Pdo\\": "src/"
                }
            },
            "notification-url": "https://packagist.org/downloads/",
            "license": [
                "MIT"
            ],
            "authors": [
                {
                    "name": "Atlas.Pdo Contributors",
                    "homepage": "https://github.com/atlasphp/Atlas.Pdo/contributors"
                }
            ],
            "description": "Provides a PDO instance decorator with convenience methods, and a connection manager.",
            "homepage": "https://github.com/atlasphp/Atlas.Pdo",
            "keywords": [
                "Connection",
                "database",
                "pdo",
                "sql"
            ],
            "time": "2019-03-01T14:17:13+00:00"
        },
        {
            "name": "atlas/query",
            "version": "1.2.0",
            "source": {
                "type": "git",
                "url": "https://github.com/atlasphp/Atlas.Query.git",
                "reference": "6b3e6fcc6ca9be8ac1685cfe8ccecf90e03e68dc"
            },
            "dist": {
                "type": "zip",
                "url": "https://api.github.com/repos/atlasphp/Atlas.Query/zipball/6b3e6fcc6ca9be8ac1685cfe8ccecf90e03e68dc",
                "reference": "6b3e6fcc6ca9be8ac1685cfe8ccecf90e03e68dc",
                "shasum": ""
            },
            "require": {
                "atlas/pdo": "~1.0",
                "php": ">=7.1"
            },
            "require-dev": {
                "pds/skeleton": "~1.0",
                "phpunit/phpunit": "~7.0"
            },
            "type": "library",
            "autoload": {
                "psr-4": {
                    "Atlas\\Query\\": "src/"
                }
            },
            "notification-url": "https://packagist.org/downloads/",
            "license": [
                "MIT"
            ],
            "authors": [
                {
                    "name": "Atlas.Query Contributors",
                    "homepage": "https://github.com/atlasphp/Atlas.Query/contributors"
                }
            ],
            "description": "Object-oriented query builders for MySQL, Postgres, SQLite, and SQLServer.",
            "homepage": "https://github.com/atlasphp/Atlas.Query",
            "keywords": [
                "database",
                "db",
                "delete",
                "dml",
                "insert",
                "mysql",
                "pdo",
                "pgsql",
                "postgres",
                "postgresql",
                "query",
                "select",
                "sql",
                "sql server",
                "sqlite",
                "sqlserver",
                "update"
            ],
            "time": "2018-08-12T14:19:01+00:00"
        },
        {
            "name": "atlas/table",
            "version": "1.3.0",
            "source": {
                "type": "git",
                "url": "https://github.com/atlasphp/Atlas.Table.git",
                "reference": "4c82ae75df1b04d7afadeab5ae0b421f7c8941d7"
            },
            "dist": {
                "type": "zip",
                "url": "https://api.github.com/repos/atlasphp/Atlas.Table/zipball/4c82ae75df1b04d7afadeab5ae0b421f7c8941d7",
                "reference": "4c82ae75df1b04d7afadeab5ae0b421f7c8941d7",
                "shasum": ""
            },
            "require": {
                "atlas/pdo": "~1.0",
                "atlas/query": "~1.0",
                "php": ">=7.1.0"
            },
            "require-dev": {
                "atlas/testing": "~1.0",
                "pds/skeleton": "~1.0",
                "phpunit/phpunit": "~7.0"
            },
            "suggest": {
                "atlas/cli": "A command-line tool to build skeleton classes."
            },
            "type": "library",
            "autoload": {
                "psr-4": {
                    "Atlas\\Table\\": "src/"
                }
            },
            "notification-url": "https://packagist.org/downloads/",
            "license": [
                "MIT"
            ],
            "authors": [
                {
                    "name": "Atlas Contributors",
                    "homepage": "https://github.com/atlasphp/Atlas.Table/contributors"
                }
            ],
            "description": "Table data gateway implementation for Atlas.",
            "homepage": "http://github.com/atlasphp/Atlas.Table",
            "keywords": [
                "data",
                "gateway",
                "mapper",
                "mapping",
                "orm",
                "sql",
                "table"
            ],
            "time": "2019-03-10T15:22:23+00:00"
        },
        {
            "name": "respect/validation",
            "version": "1.1.30",
            "source": {
                "type": "git",
                "url": "https://github.com/Respect/Validation.git",
                "reference": "9bafee191d9c560827105a849e2b29d8446f0f6f"
            },
            "dist": {
                "type": "zip",
                "url": "https://api.github.com/repos/Respect/Validation/zipball/9bafee191d9c560827105a849e2b29d8446f0f6f",
                "reference": "9bafee191d9c560827105a849e2b29d8446f0f6f",
                "shasum": ""
            },
            "require": {
                "php": ">=5.4",
                "symfony/polyfill-mbstring": "^1.2"
            },
            "require-dev": {
                "egulias/email-validator": "~1.2 || ~2.1",
                "mikey179/vfsstream": "^1.5",
                "phpunit/phpunit": "~4.0 || ~5.0",
                "symfony/validator": "~2.6.9",
                "zendframework/zend-validator": "~2.3"
            },
            "suggest": {
                "egulias/email-validator": "Strict (RFC compliant) email validation",
                "ext-bcmath": "Arbitrary Precision Mathematics",
                "ext-mbstring": "Multibyte String Functions",
                "friendsofphp/php-cs-fixer": "Fix PSR2 and other coding style issues",
                "symfony/validator": "Use Symfony validator through Respect\\Validation",
                "zendframework/zend-validator": "Use Zend Framework validator through Respect\\Validation"
            },
            "type": "library",
            "extra": {
                "branch-alias": {
                    "dev-master": "1.1-dev"
                }
            },
            "autoload": {
                "psr-4": {
                    "Respect\\Validation\\": "library/"
                }
            },
            "notification-url": "https://packagist.org/downloads/",
            "license": [
                "BSD-3-Clause"
            ],
            "authors": [
                {
                    "name": "Respect/Validation Contributors",
                    "homepage": "https://github.com/Respect/Validation/graphs/contributors"
                }
            ],
            "description": "The most awesome validation engine ever created for PHP",
            "homepage": "http://respect.github.io/Validation/",
            "keywords": [
                "respect",
                "validation",
                "validator"
            ],
            "time": "2019-03-31T13:27:49+00:00"
        },
        {
            "name": "symfony/polyfill-ctype",
            "version": "v1.11.0",
            "source": {
                "type": "git",
                "url": "https://github.com/symfony/polyfill-ctype.git",
                "reference": "82ebae02209c21113908c229e9883c419720738a"
            },
            "dist": {
                "type": "zip",
                "url": "https://api.github.com/repos/symfony/polyfill-ctype/zipball/82ebae02209c21113908c229e9883c419720738a",
                "reference": "82ebae02209c21113908c229e9883c419720738a",
                "shasum": ""
            },
            "require": {
                "php": ">=5.3.3"
            },
            "suggest": {
                "ext-ctype": "For best performance"
            },
            "type": "library",
            "extra": {
                "branch-alias": {
                    "dev-master": "1.11-dev"
                }
            },
            "autoload": {
                "psr-4": {
                    "Symfony\\Polyfill\\Ctype\\": ""
                },
                "files": [
                    "bootstrap.php"
                ]
            },
            "notification-url": "https://packagist.org/downloads/",
            "license": [
                "MIT"
            ],
            "authors": [
                {
                    "name": "Symfony Community",
                    "homepage": "https://symfony.com/contributors"
                },
                {
                    "name": "Gert de Pagter",
                    "email": "backendtea@gmail.com"
                }
            ],
            "description": "Symfony polyfill for ctype functions",
            "homepage": "https://symfony.com",
            "keywords": [
                "compatibility",
                "ctype",
                "polyfill",
                "portable"
            ],
            "time": "2019-02-06T07:57:58+00:00"
        },
        {
            "name": "symfony/polyfill-mbstring",
            "version": "v1.11.0",
            "source": {
                "type": "git",
                "url": "https://github.com/symfony/polyfill-mbstring.git",
                "reference": "fe5e94c604826c35a32fa832f35bd036b6799609"
            },
            "dist": {
                "type": "zip",
                "url": "https://api.github.com/repos/symfony/polyfill-mbstring/zipball/fe5e94c604826c35a32fa832f35bd036b6799609",
                "reference": "fe5e94c604826c35a32fa832f35bd036b6799609",
                "shasum": ""
            },
            "require": {
                "php": ">=5.3.3"
            },
            "suggest": {
                "ext-mbstring": "For best performance"
            },
            "type": "library",
            "extra": {
                "branch-alias": {
                    "dev-master": "1.11-dev"
                }
            },
            "autoload": {
                "psr-4": {
                    "Symfony\\Polyfill\\Mbstring\\": ""
                },
                "files": [
                    "bootstrap.php"
                ]
            },
            "notification-url": "https://packagist.org/downloads/",
            "license": [
                "MIT"
            ],
            "authors": [
                {
                    "name": "Nicolas Grekas",
                    "email": "p@tchwork.com"
                },
                {
                    "name": "Symfony Community",
                    "homepage": "https://symfony.com/contributors"
                }
            ],
            "description": "Symfony polyfill for the Mbstring extension",
            "homepage": "https://symfony.com",
            "keywords": [
                "compatibility",
                "mbstring",
                "polyfill",
                "portable",
                "shim"
            ],
            "time": "2019-02-06T07:57:58+00:00"
        },
        {
            "name": "twig/twig",
            "version": "v2.6.2",
            "source": {
                "type": "git",
                "url": "https://github.com/twigphp/Twig.git",
                "reference": "7d7342c8a4059fefb9b8d07db0cc14007021f9b7"
            },
            "dist": {
                "type": "zip",
                "url": "https://api.github.com/repos/twigphp/Twig/zipball/7d7342c8a4059fefb9b8d07db0cc14007021f9b7",
                "reference": "7d7342c8a4059fefb9b8d07db0cc14007021f9b7",
                "shasum": ""
            },
            "require": {
                "php": "^7.0",
                "symfony/polyfill-ctype": "^1.8",
                "symfony/polyfill-mbstring": "^1.3"
            },
            "require-dev": {
                "psr/container": "^1.0",
                "symfony/debug": "^2.7",
                "symfony/phpunit-bridge": "^3.4.19|^4.1.8"
            },
            "type": "library",
            "extra": {
                "branch-alias": {
                    "dev-master": "2.6-dev"
                }
            },
            "autoload": {
                "psr-0": {
                    "Twig_": "lib/"
                },
                "psr-4": {
                    "Twig\\": "src/"
                }
            },
            "notification-url": "https://packagist.org/downloads/",
            "license": [
                "BSD-3-Clause"
            ],
            "authors": [
                {
                    "name": "Fabien Potencier",
                    "email": "fabien@symfony.com",
                    "homepage": "http://fabien.potencier.org",
                    "role": "Lead Developer"
                },
                {
                    "name": "Armin Ronacher",
                    "email": "armin.ronacher@active-4.com",
                    "role": "Project Founder"
                },
                {
                    "name": "Twig Team",
                    "homepage": "https://twig.symfony.com/contributors",
                    "role": "Contributors"
                }
            ],
            "description": "Twig, the flexible, fast, and secure template language for PHP",
            "homepage": "https://twig.symfony.com",
            "keywords": [
                "templating"
            ],
            "time": "2019-01-14T15:00:48+00:00"
        }
    ],
    "packages-dev": [
        {
            "name": "atlas/cli",
            "version": "2.2.1",
            "source": {
                "type": "git",
                "url": "https://github.com/atlasphp/Atlas.Cli.git",
                "reference": "e307cc1ab1b81bb32a30507f76906029f4ce5153"
            },
            "dist": {
                "type": "zip",
                "url": "https://api.github.com/repos/atlasphp/Atlas.Cli/zipball/e307cc1ab1b81bb32a30507f76906029f4ce5153",
                "reference": "e307cc1ab1b81bb32a30507f76906029f4ce5153",
                "shasum": ""
            },
            "require": {
                "atlas/info": "~1.0",
                "atlas/mapper": "~1.0",
                "php": ">=7.1.0",
                "psr/log": "~1.0"
            },
            "require-dev": {
                "pds/skeleton": "~1.0",
                "phpunit/phpunit": "~7.0"
            },
            "bin": [
                "bin/atlas-skeleton.php"
            ],
            "type": "library",
            "autoload": {
                "psr-4": {
                    "Atlas\\Cli\\": "src/"
                }
            },
            "notification-url": "https://packagist.org/downloads/",
            "license": [
                "MIT"
            ],
            "authors": [
                {
                    "name": "Atlas.Cli Contributors",
                    "homepage": "https://github.com/atlasphp/Atlas.Cli/contributors"
                }
            ],
            "description": "Command-line interface for Atlas.",
            "homepage": "http://github.com/atlasphp/Atlas.Cli",
            "keywords": [
                "data",
                "mapper",
                "mapping",
                "orm",
                "sql"
            ],
            "time": "2019-01-22T15:57:16+00:00"
        },
        {
            "name": "atlas/info",
            "version": "1.2.0",
            "source": {
                "type": "git",
                "url": "https://github.com/atlasphp/Atlas.Info.git",
                "reference": "6c198cc63b19950d25d009e2d7679449407b8183"
            },
            "dist": {
                "type": "zip",
                "url": "https://api.github.com/repos/atlasphp/Atlas.Info/zipball/6c198cc63b19950d25d009e2d7679449407b8183",
                "reference": "6c198cc63b19950d25d009e2d7679449407b8183",
                "shasum": ""
            },
            "require": {
                "atlas/pdo": "~1.0",
                "php": ">=7.1"
            },
            "require-dev": {
                "pds/skeleton": "~1.0",
                "phpunit/phpunit": "~7.0"
            },
            "type": "library",
            "autoload": {
                "psr-4": {
                    "Atlas\\Info\\": "src/"
                }
            },
            "notification-url": "https://packagist.org/downloads/",
            "license": [
                "MIT"
            ],
            "description": "Uses an Atlas.Pdo connection to discover schema information.",
            "homepage": "https://github.com/atlasphp/Atlas.Info",
            "keywords": [
                "database",
                "db",
                "ddl",
                "schema",
                "sql"
            ],
            "time": "2019-01-22T22:17:54+00:00"
        },
        {
            "name": "psr/log",
            "version": "1.1.0",
            "source": {
                "type": "git",
                "url": "https://github.com/php-fig/log.git",
                "reference": "6c001f1daafa3a3ac1d8ff69ee4db8e799a654dd"
            },
            "dist": {
                "type": "zip",
                "url": "https://api.github.com/repos/php-fig/log/zipball/6c001f1daafa3a3ac1d8ff69ee4db8e799a654dd",
                "reference": "6c001f1daafa3a3ac1d8ff69ee4db8e799a654dd",
                "shasum": ""
            },
            "require": {
                "php": ">=5.3.0"
            },
            "type": "library",
            "extra": {
                "branch-alias": {
                    "dev-master": "1.0.x-dev"
                }
            },
            "autoload": {
                "psr-4": {
                    "Psr\\Log\\": "Psr/Log/"
                }
            },
            "notification-url": "https://packagist.org/downloads/",
            "license": [
                "MIT"
            ],
            "authors": [
                {
                    "name": "PHP-FIG",
                    "homepage": "http://www.php-fig.org/"
                }
            ],
            "description": "Common interface for logging libraries",
            "homepage": "https://github.com/php-fig/log",
            "keywords": [
                "log",
                "psr",
                "psr-3"
            ],
            "time": "2018-11-20T15:27:04+00:00"
        }
    ],
    "aliases": [],
    "minimum-stability": "stable",
    "stability-flags": [],
    "prefer-stable": false,
    "prefer-lowest": false,
    "platform": [],
    "platform-dev": []
}
